{
  "requires": true,
  "lockfileVersion": 1,
  "dependencies": {
    "gio-uniapp": {
      "version": "3.8.16",
      "resolved": "https://artifactory.dep.devops.cmit.cloud:20101/artifactory/api/npm/gio_uniapp/gio-uniapp/-/gio-uniapp-3.8.16.tgz",
      "integrity": "sha1-ZkXAmf1s/u2XkTlJu4A47LYg5co="
    }
  }
}
